
Microsoft Visual Studio Solution File, Format Version 12.00
# Visual Studio Version 17
VisualStudioVersion = 17.2.32526.322
MinimumVisualStudioVersion = 10.0.40219.1
Project("{9A19103F-16F7-4668-BE54-9A1E7A4F7556}") = "HomeRecipes.Migrations", "Data\HomeRecipes.Migrations.csproj", "{074B2321-0841-4F76-9BDF-44C4FAF75B47}"
EndProject
Project("{9A19103F-16F7-4668-BE54-9A1E7A4F7556}") = "HomeRecipesCode", "LLBLGen Code\DatabaseGeneric\HomeRecipesCode.csproj", "{0D4B2C99-86E3-4196-BA99-7E6C2EE890DE}"
EndProject
Project("{9A19103F-16F7-4668-BE54-9A1E7A4F7556}") = "JWTServer", "ServerJWT\JWTServer.csproj", "{79A3CB84-E130-4BF7-8DA5-349778EA2E96}"
EndProject
Project("{9A19103F-16F7-4668-BE54-9A1E7A4F7556}") = "AlpineJsClient", "Client\AlpineJsClient.csproj", "{1DDB4F29-777F-428E-A899-6A99D0E14745}"
EndProject
Project("{9A19103F-16F7-4668-BE54-9A1E7A4F7556}") = "HomeRecipesCodeDBSpecific", "LLBLGen Code\DatabaseSpecific\HomeRecipesCodeDBSpecific.csproj", "{C2CE52DC-0A8B-4F70-A990-26756E93D4A7}"
EndProject
Global
	GlobalSection(SolutionConfigurationPlatforms) = preSolution
		Debug|Any CPU = Debug|Any CPU
		Release|Any CPU = Release|Any CPU
	EndGlobalSection
	GlobalSection(ProjectConfigurationPlatforms) = postSolution
		{074B2321-0841-4F76-9BDF-44C4FAF75B47}.Debug|Any CPU.ActiveCfg = Debug|Any CPU
		{074B2321-0841-4F76-9BDF-44C4FAF75B47}.Debug|Any CPU.Build.0 = Debug|Any CPU
		{074B2321-0841-4F76-9BDF-44C4FAF75B47}.Release|Any CPU.ActiveCfg = Release|Any CPU
		{074B2321-0841-4F76-9BDF-44C4FAF75B47}.Release|Any CPU.Build.0 = Release|Any CPU
		{0D4B2C99-86E3-4196-BA99-7E6C2EE890DE}.Debug|Any CPU.ActiveCfg = Debug|Any CPU
		{0D4B2C99-86E3-4196-BA99-7E6C2EE890DE}.Debug|Any CPU.Build.0 = Debug|Any CPU
		{0D4B2C99-86E3-4196-BA99-7E6C2EE890DE}.Release|Any CPU.ActiveCfg = Release|Any CPU
		{0D4B2C99-86E3-4196-BA99-7E6C2EE890DE}.Release|Any CPU.Build.0 = Release|Any CPU
		{79A3CB84-E130-4BF7-8DA5-349778EA2E96}.Debug|Any CPU.ActiveCfg = Debug|Any CPU
		{79A3CB84-E130-4BF7-8DA5-349778EA2E96}.Debug|Any CPU.Build.0 = Debug|Any CPU
		{79A3CB84-E130-4BF7-8DA5-349778EA2E96}.Release|Any CPU.ActiveCfg = Release|Any CPU
		{79A3CB84-E130-4BF7-8DA5-349778EA2E96}.Release|Any CPU.Build.0 = Release|Any CPU
		{1DDB4F29-777F-428E-A899-6A99D0E14745}.Debug|Any CPU.ActiveCfg = Debug|Any CPU
		{1DDB4F29-777F-428E-A899-6A99D0E14745}.Debug|Any CPU.Build.0 = Debug|Any CPU
		{1DDB4F29-777F-428E-A899-6A99D0E14745}.Release|Any CPU.ActiveCfg = Release|Any CPU
		{1DDB4F29-777F-428E-A899-6A99D0E14745}.Release|Any CPU.Build.0 = Release|Any CPU
		{C2CE52DC-0A8B-4F70-A990-26756E93D4A7}.Debug|Any CPU.ActiveCfg = Debug|Any CPU
		{C2CE52DC-0A8B-4F70-A990-26756E93D4A7}.Debug|Any CPU.Build.0 = Debug|Any CPU
		{C2CE52DC-0A8B-4F70-A990-26756E93D4A7}.Release|Any CPU.ActiveCfg = Release|Any CPU
		{C2CE52DC-0A8B-4F70-A990-26756E93D4A7}.Release|Any CPU.Build.0 = Release|Any CPU
	EndGlobalSection
	GlobalSection(SolutionProperties) = preSolution
		HideSolutionNode = FALSE
	EndGlobalSection
	GlobalSection(ExtensibilityGlobals) = postSolution
		SolutionGuid = {1D7A0A16-2BD1-4D44-A053-AAF5995E81A9}
	EndGlobalSection
EndGlobal
